
Microsoft Visual Studio Solution File, Format Version 12.00
# Visual Studio Version 16
VisualStudioVersion = 16.0.31702.278
MinimumVisualStudioVersion = 10.0.40219.1
Project("{FAE04EC0-301F-11D3-BF4B-00C04F79EFBC}") = "ReservationApp", "ReservationApp\ReservationApp.csproj", "{13336570-626F-4C09-BEF5-FA9AA7E64E24}"
EndProject
Global
	GlobalSection(SolutionConfigurationPlatforms) = preSolution
		Debug|Any CPU = Debug|Any CPU
		Release|Any CPU = Release|Any CPU
	EndGlobalSection
	GlobalSection(ProjectConfigurationPlatforms) = postSolution
		{13336570-626F-4C09-BEF5-FA9AA7E64E24}.Debug|Any CPU.ActiveCfg = Debug|Any CPU
		{13336570-626F-4C09-BEF5-FA9AA7E64E24}.Debug|Any CPU.Build.0 = Debug|Any CPU
		{13336570-626F-4C09-BEF5-FA9AA7E64E24}.Release|Any CPU.ActiveCfg = Release|Any CPU
		{13336570-626F-4C09-BEF5-FA9AA7E64E24}.Release|Any CPU.Build.0 = Release|Any CPU
	EndGlobalSection
	GlobalSection(SolutionProperties) = preSolution
		HideSolutionNode = FALSE
	EndGlobalSection
	GlobalSection(ExtensibilityGlobals) = postSolution
		SolutionGuid = {D23ED095-3058-40BD-87FD-015770BE1F9B}
	EndGlobalSection
EndGlobal
